
Microsoft Visual Studio Solution File, Format Version 12.00
# Visual Studio Version 17
VisualStudioVersion = 17.10.35122.118
MinimumVisualStudioVersion = 10.0.40219.1
Project("{FAE04EC0-301F-11D3-BF4B-00C04F79EFBC}") = "NumberGuess", "NumberGuess.csproj", "{24AB69B4-065A-446F-9735-15D409DBD42B}"
EndProject
Global
	GlobalSection(SolutionConfigurationPlatforms) = preSolution
		Debug|Any CPU = Debug|Any CPU
		Release|Any CPU = Release|Any CPU
	EndGlobalSection
	GlobalSection(ProjectConfigurationPlatforms) = postSolution
		{24AB69B4-065A-446F-9735-15D409DBD42B}.Debug|Any CPU.ActiveCfg = Debug|Any CPU
		{24AB69B4-065A-446F-9735-15D409DBD42B}.Debug|Any CPU.Build.0 = Debug|Any CPU
		{24AB69B4-065A-446F-9735-15D409DBD42B}.Release|Any CPU.ActiveCfg = Release|Any CPU
		{24AB69B4-065A-446F-9735-15D409DBD42B}.Release|Any CPU.Build.0 = Release|Any CPU
	EndGlobalSection
	GlobalSection(SolutionProperties) = preSolution
		HideSolutionNode = FALSE
	EndGlobalSection
	GlobalSection(ExtensibilityGlobals) = postSolution
		SolutionGuid = {AD903D73-1E3A-4D78-AEEB-CCD421F8616C}
	EndGlobalSection
EndGlobal
